
Microsoft Visual Studio Solution File, Format Version 12.00
# Visual Studio 15
VisualStudioVersion = 15.0.26403.7
MinimumVisualStudioVersion = 10.0.40219.1
Project("{FAE04EC0-301F-11D3-BF4B-00C04F79EFBC}") = "iFactr.Data.Debug", "iFactr.Data\iFactr.Data.Debug.csproj", "{29C4CA32-734E-4B88-BC47-2FCF4DA99803}"
EndProject
Project("{FAE04EC0-301F-11D3-BF4B-00C04F79EFBC}") = "Zip PCL.Debug", "Ionic.Zip\Zip PCL\Zip PCL.Debug.csproj", "{E44CB979-B36C-48DF-8E38-DF7EF2242292}"
EndProject
Project("{FAE04EC0-301F-11D3-BF4B-00C04F79EFBC}") = "MonoCross", "MonoCross\MonoCross.csproj", "{F8072058-8601-4141-8C7A-A8018A6BBAFD}"
EndProject
Global
	GlobalSection(SolutionConfigurationPlatforms) = preSolution
		Debug|Any CPU = Debug|Any CPU
		Release|Any CPU = Release|Any CPU
	EndGlobalSection
	GlobalSection(ProjectConfigurationPlatforms) = postSolution
		{29C4CA32-734E-4B88-BC47-2FCF4DA99803}.Debug|Any CPU.ActiveCfg = Debug|Any CPU
		{29C4CA32-734E-4B88-BC47-2FCF4DA99803}.Debug|Any CPU.Build.0 = Debug|Any CPU
		{29C4CA32-734E-4B88-BC47-2FCF4DA99803}.Release|Any CPU.ActiveCfg = Release|Any CPU
		{29C4CA32-734E-4B88-BC47-2FCF4DA99803}.Release|Any CPU.Build.0 = Release|Any CPU
		{E44CB979-B36C-48DF-8E38-DF7EF2242292}.Debug|Any CPU.ActiveCfg = Debug|Any CPU
		{E44CB979-B36C-48DF-8E38-DF7EF2242292}.Debug|Any CPU.Build.0 = Debug|Any CPU
		{E44CB979-B36C-48DF-8E38-DF7EF2242292}.Release|Any CPU.ActiveCfg = Release|Any CPU
		{E44CB979-B36C-48DF-8E38-DF7EF2242292}.Release|Any CPU.Build.0 = Release|Any CPU
		{F8072058-8601-4141-8C7A-A8018A6BBAFD}.Debug|Any CPU.ActiveCfg = Debug|Any CPU
		{F8072058-8601-4141-8C7A-A8018A6BBAFD}.Debug|Any CPU.Build.0 = Debug|Any CPU
		{F8072058-8601-4141-8C7A-A8018A6BBAFD}.Release|Any CPU.ActiveCfg = Release|Any CPU
		{F8072058-8601-4141-8C7A-A8018A6BBAFD}.Release|Any CPU.Build.0 = Release|Any CPU
	EndGlobalSection
	GlobalSection(SolutionProperties) = preSolution
		HideSolutionNode = FALSE
	EndGlobalSection
EndGlobal
